
Microsoft Visual Studio Solution File, Format Version 12.00
# Visual Studio Version 17
VisualStudioVersion = 17.9.34310.174
MinimumVisualStudioVersion = 10.0.40219.1
Project("{9A19103F-16F7-4668-BE54-9A1E7A4F7556}") = "DataApi", "DataApi\DataApi.csproj", "{A3F19F64-446F-489A-A853-28CB5862D33F}"
EndProject
Project("{9A19103F-16F7-4668-BE54-9A1E7A4F7556}") = "BusinnessApi", "BusinnessApi\BusinnessApi.csproj", "{099DFCF4-86CB-4901-A9F5-5A031AFDC21B}"
EndProject
Project("{9A19103F-16F7-4668-BE54-9A1E7A4F7556}") = "CurrencyWebSite", "CurrencyWebSite\CurrencyWebSite.csproj", "{87A8FCB0-95E1-4DE4-853B-5331A69A3296}"
EndProject
Project("{E53339B2-1760-4266-BCC7-CA923CBCF16C}") = "docker-compose", "docker-compose.dcproj", "{27DD7A44-B797-472B-98F0-D6AA1AD9B951}"
EndProject
Global
	GlobalSection(SolutionConfigurationPlatforms) = preSolution
		Debug|Any CPU = Debug|Any CPU
		Release|Any CPU = Release|Any CPU
	EndGlobalSection
	GlobalSection(ProjectConfigurationPlatforms) = postSolution
		{A3F19F64-446F-489A-A853-28CB5862D33F}.Debug|Any CPU.ActiveCfg = Debug|Any CPU
		{A3F19F64-446F-489A-A853-28CB5862D33F}.Debug|Any CPU.Build.0 = Debug|Any CPU
		{A3F19F64-446F-489A-A853-28CB5862D33F}.Release|Any CPU.ActiveCfg = Release|Any CPU
		{A3F19F64-446F-489A-A853-28CB5862D33F}.Release|Any CPU.Build.0 = Release|Any CPU
		{099DFCF4-86CB-4901-A9F5-5A031AFDC21B}.Debug|Any CPU.ActiveCfg = Debug|Any CPU
		{099DFCF4-86CB-4901-A9F5-5A031AFDC21B}.Debug|Any CPU.Build.0 = Debug|Any CPU
		{099DFCF4-86CB-4901-A9F5-5A031AFDC21B}.Release|Any CPU.ActiveCfg = Release|Any CPU
		{099DFCF4-86CB-4901-A9F5-5A031AFDC21B}.Release|Any CPU.Build.0 = Release|Any CPU
		{87A8FCB0-95E1-4DE4-853B-5331A69A3296}.Debug|Any CPU.ActiveCfg = Debug|Any CPU
		{87A8FCB0-95E1-4DE4-853B-5331A69A3296}.Debug|Any CPU.Build.0 = Debug|Any CPU
		{87A8FCB0-95E1-4DE4-853B-5331A69A3296}.Release|Any CPU.ActiveCfg = Release|Any CPU
		{87A8FCB0-95E1-4DE4-853B-5331A69A3296}.Release|Any CPU.Build.0 = Release|Any CPU
		{27DD7A44-B797-472B-98F0-D6AA1AD9B951}.Debug|Any CPU.ActiveCfg = Debug|Any CPU
		{27DD7A44-B797-472B-98F0-D6AA1AD9B951}.Debug|Any CPU.Build.0 = Debug|Any CPU
		{27DD7A44-B797-472B-98F0-D6AA1AD9B951}.Release|Any CPU.ActiveCfg = Release|Any CPU
		{27DD7A44-B797-472B-98F0-D6AA1AD9B951}.Release|Any CPU.Build.0 = Release|Any CPU
	EndGlobalSection
	GlobalSection(SolutionProperties) = preSolution
		HideSolutionNode = FALSE
	EndGlobalSection
	GlobalSection(ExtensibilityGlobals) = postSolution
		SolutionGuid = {B1CE642D-991F-4F0A-ACE0-C5E403117B11}
	EndGlobalSection
EndGlobal
